<?xml version="1.0" encoding="utf-8"?>
<Project ToolsVersion="4.0" xmlns="http://schemas.microsoft.com/developer/msbuild/2003">
  <ItemGroup>
    <ClCompile Include="..\RTS3D\Agent.cpp" />
    <ClCompile Include="..\RTS3D\Army.cpp" />
    <ClCompile Include="..\RTS3D\BoundingBox2D.cpp" />
    <ClCompile Include="..\RTS3D\Camera.cpp" />
    <ClCompile Include="..\RTS3D\Chunk.cpp" />
    <ClCompile Include="..\RTS3D\Commands.cpp" />
    <ClCompile Include="..\RTS3D\Entity.cpp" />
    <ClCompile Include="..\RTS3D\EntityManager.cpp" />
    <ClCompile Include="..\RTS3D\Explosion.cpp" />
    <ClCompile Include="..\RTS3D\Forest.cpp" />
    <ClCompile Include="..\RTS3D\Frustum.cpp" />
    <ClCompile Include="..\RTS3D\game.cpp" />
    <ClCompile Include="..\RTS3D\Graphics.cpp" />
    <ClCompile Include="..\RTS3D\Hills.cpp" />
    <ClCompile Include="..\RTS3D\Input.cpp" />
    <ClCompile Include="..\RTS3D\InputManager.cpp" />
    <ClCompile Include="..\RTS3D\Level.cpp" />
    <ClCompile Include="..\RTS3D\Main.cpp" />
    <ClCompile Include="..\RTS3D\MainMenu.cpp" />
    <ClCompile Include="..\RTS3D\Material.cpp" />
    <ClCompile Include="..\RTS3D\Mesh.cpp" />
    <ClCompile Include="..\RTS3D\MyShader.cpp" />
    <ClCompile Include="..\RTS3D\Opponent.cpp" />
    <ClCompile Include="..\RTS3D\Physics.cpp" />
    <ClCompile Include="..\RTS3D\Player.cpp" />
    <ClCompile Include="..\RTS3D\Projectile.cpp" />
    <ClCompile Include="..\RTS3D\Sandbox.cpp" />
    <ClCompile Include="..\RTS3D\SavedData.cpp" />
    <ClCompile Include="..\RTS3D\Scene.cpp" />
    <ClCompile Include="..\RTS3D\SceneLoader.cpp" />
    <ClCompile Include="..\RTS3D\Scope.cpp" />
    <ClCompile Include="..\RTS3D\Sprite.cpp" />
    <ClCompile Include="..\RTS3D\Surface.cpp" />
    <ClCompile Include="..\RTS3D\Terrain.cpp" />
    <ClCompile Include="..\RTS3D\TerrainData.cpp" />
    <ClCompile Include="..\RTS3D\Texture.cpp" />
    <ClCompile Include="..\RTS3D\Transform.cpp" />
    <ClCompile Include="..\RTS3D\Tree.cpp" />
    <ClCompile Include="..\RTS3D\Turret.cpp" />
    <ClCompile Include="..\RTS3D\Unit.cpp" />
    <ClCompile Include="..\RTS3D\Variable.cpp" />
    <ClCompile Include="GraphicsWindows.cpp" />
    <ClCompile Include="precomp.cpp" />
    <ClCompile Include="HuffmanTree.cpp" />
    <ClCompile Include="CameraControllers.cpp" />
    <ClCompile Include="lib\imgui-master\imgui.cpp" />
    <ClCompile Include="lib\imgui-master\imgui_demo.cpp" />
    <ClCompile Include="lib\imgui-master\imgui_draw.cpp" />
    <ClCompile Include="lib\imgui-master\imgui_impl_glfw.cpp" />
    <ClCompile Include="lib\imgui-master\imgui_impl_opengl3.cpp" />
    <ClCompile Include="lib\imgui-master\imgui_impl_win32.cpp" />
    <ClCompile Include="lib\imgui-master\imgui_stdlib.cpp" />
    <ClCompile Include="lib\imgui-master\imgui_tables.cpp" />
    <ClCompile Include="lib\imgui-master\imgui_widgets.cpp" />
    <ClCompile Include="AnimatedMesh.cpp" />
    <ClCompile Include="Bone.cpp" />
    <ClCompile Include="Animation.cpp" />
    <ClCompile Include="Animator.cpp" />
    <ClCompile Include="ImGuiFontWrapper.cpp" />
    <ClCompile Include="ProceduralUnitFactory.cpp" />
    <ClCompile Include="Settings.cpp" />
    <ClCompile Include="ImguiHelpers.cpp" />
  </ItemGroup>
  <ItemGroup>
    <ClInclude Include="..\RTS3D\Agent.h" />
    <ClInclude Include="..\RTS3D\Army.h" />
    <ClInclude Include="..\RTS3D\AssetManager.h" />
    <ClInclude Include="..\RTS3D\BoundingBox2D.h" />
    <ClInclude Include="..\RTS3D\Camera.h" />
    <ClInclude Include="..\RTS3D\Chunk.h" />
    <ClInclude Include="..\RTS3D\Commands.h" />
    <ClInclude Include="..\RTS3D\common.h" />
    <ClInclude Include="..\RTS3D\Entity.h" />
    <ClInclude Include="..\RTS3D\EntityManager.h" />
    <ClInclude Include="..\RTS3D\Explosion.h" />
    <ClInclude Include="..\RTS3D\Forest.h" />
    <ClInclude Include="..\RTS3D\Frustum.h" />
    <ClInclude Include="..\RTS3D\game.h" />
    <ClInclude Include="..\RTS3D\Graphics.h" />
    <ClInclude Include="..\RTS3D\Hills.h" />
    <ClInclude Include="..\RTS3D\Input.h" />
    <ClInclude Include="..\RTS3D\InputManager.h" />
    <ClInclude Include="..\RTS3D\Inquirer.h" />
    <ClInclude Include="..\RTS3D\Level.h" />
    <ClInclude Include="..\RTS3D\MainMenu.h" />
    <ClInclude Include="..\RTS3D\Material.h" />
    <ClInclude Include="..\RTS3D\Mesh.h" />
    <ClInclude Include="..\RTS3D\MyShader.h" />
    <ClInclude Include="..\RTS3D\OBJLoader.h" />
    <ClInclude Include="..\RTS3D\Opponent.h" />
    <ClInclude Include="..\RTS3D\PerlinNoise.h" />
    <ClInclude Include="..\RTS3D\Physics.h" />
    <ClInclude Include="..\RTS3D\Player.h" />
    <ClInclude Include="..\RTS3D\PoissonGenerator.h" />
    <ClInclude Include="..\RTS3D\Projectile.h" />
    <ClInclude Include="..\RTS3D\Sandbox.h" />
    <ClInclude Include="..\RTS3D\SavedData.h" />
    <ClInclude Include="..\RTS3D\Scene.h" />
    <ClInclude Include="..\RTS3D\SceneLoader.h" />
    <ClInclude Include="..\RTS3D\Scope.h" />
    <ClInclude Include="..\RTS3D\Singleton.h" />
    <ClInclude Include="..\RTS3D\Sprite.h" />
    <ClInclude Include="..\RTS3D\Surface.h" />
    <ClInclude Include="..\RTS3D\Terrain.h" />
    <ClInclude Include="..\RTS3D\TerrainData.h" />
    <ClInclude Include="..\RTS3D\Texture.h" />
    <ClInclude Include="..\RTS3D\TimeManager.h" />
    <ClInclude Include="..\RTS3D\Transform.h" />
    <ClInclude Include="..\RTS3D\Tree.h" />
    <ClInclude Include="..\RTS3D\Turret.h" />
    <ClInclude Include="..\RTS3D\Unit.h" />
    <ClInclude Include="..\RTS3D\Variable.h" />
    <ClInclude Include="GraphicsWindows.h" />
    <ClInclude Include="lib\glad\glad.h" />
    <ClInclude Include="precomp.h" />
    <ClInclude Include="stb_image.h" />
    <ClInclude Include="DynamicBitset.h" />
    <ClInclude Include="HuffmanTree.h" />
    <ClInclude Include="CameraControllers.h" />
    <ClInclude Include="lib\imgui-master\imconfig.h" />
    <ClInclude Include="lib\imgui-master\imgui.h" />
    <ClInclude Include="lib\imgui-master\imgui_impl_glfw.h" />
    <ClInclude Include="lib\imgui-master\imgui_impl_opengl3.h" />
    <ClInclude Include="lib\imgui-master\imgui_impl_opengl3_loader.h" />
    <ClInclude Include="lib\imgui-master\imgui_impl_win32.h" />
    <ClInclude Include="lib\imgui-master\imgui_internal.h" />
    <ClInclude Include="lib\imgui-master\imgui_stdlib.h" />
    <ClInclude Include="lib\imgui-master\imstb_rectpack.h" />
    <ClInclude Include="lib\imgui-master\imstb_textedit.h" />
    <ClInclude Include="lib\imgui-master\imstb_truetype.h" />
    <ClInclude Include="AnimatedMesh.h" />
    <ClInclude Include="Bone.h" />
    <ClInclude Include="Animation.h" />
    <ClInclude Include="Animator.h" />
    <ClInclude Include="ImGuiFontWrapper.h" />
    <ClInclude Include="ProceduralUnitFactory.h" />
    <ClInclude Include="StringFunctions.h" />
    <ClInclude Include="Delegate.h" />
    <ClInclude Include="Settings.h" />
    <ClInclude Include="ImguiHelpers.h" />
    <ClInclude Include="Random.h" />
    <ClInclude Include="Math.h" />
  </ItemGroup>
  <ItemGroup>
    <Text Include="..\RTS3D\Documentation.txt" />
    <Text Include="..\RTS3D\README.txt" />
    <Text Include="assets\data\sprites\endscreen.txt" />
  </ItemGroup>
  <ItemGroup>
    <Filter Include="bullet">
      <UniqueIdentifier>{3af95c4b-3226-4013-baa3-363bdaf30b2a}</UniqueIdentifier>
    </Filter>
  </ItemGroup>
  <ItemGroup>
    <None Include="assets\shaders\animated.vert" />
  </ItemGroup>
  <ItemGroup>
    <Image Include="assets\data\sprites\endscreen.png" />
  </ItemGroup>
</Project>